
Microsoft Visual Studio Solution File, Format Version 12.00
# Visual Studio 2012
Project("{8BC9CEB8-8B4A-11D0-8D11-00A0C91BC942}") = "TestApplication", "TestApplication\TestApplication.vcxproj", "{32C4963E-16FF-4C6D-AED3-BEF0BF136FFD}"
	ProjectSection(ProjectDependencies) = postProject
		{ADB84670-2281-4FD8-B46A-7FDBEA699981} = {ADB84670-2281-4FD8-B46A-7FDBEA699981}
	EndProjectSection
EndProject
Project("{2150E333-8FDC-42A3-9474-1A3956D46DE8}") = "external", "external", "{A46CC89F-D124-47AC-AA89-E26249EF43D2}"
EndProject
Project("{8BC9CEB8-8B4A-11D0-8D11-00A0C91BC942}") = "Storm3DCore", "Storm3DCore\Storm3DCore.vcxproj", "{9B5269D8-BBCE-4196-BA82-CF931AE94F81}"
EndProject
Project("{8BC9CEB8-8B4A-11D0-8D11-00A0C91BC942}") = "Storm3DMath", "Storm3DMath\Storm3DMath.vcxproj", "{90715E70-D22C-4F53-BCE5-A4324620F220}"
EndProject
Project("{8BC9CEB8-8B4A-11D0-8D11-00A0C91BC942}") = "Storm3DWindow", "Storm3DWindow\Storm3DWindow.vcxproj", "{B8DC790A-16CF-4644-A0C4-608345D8E4B3}"
EndProject
Project("{8BC9CEB8-8B4A-11D0-8D11-00A0C91BC942}") = "Storm3DModelConverter", "Storm3DModelConverter\ModelConverter.vcxproj", "{ADB84670-2281-4FD8-B46A-7FDBEA699981}"
EndProject
Project("{8BC9CEB8-8B4A-11D0-8D11-00A0C91BC942}") = "Storm3DRendering", "Storm3DRendering\Storm3DRendering.vcxproj", "{17F2A7FA-1840-4797-A6FD-10DF5BFDD937}"
EndProject
Project("{8BC9CEB8-8B4A-11D0-8D11-00A0C91BC942}") = "OctreeVisualizer", "OctreeVisualizer\OctreeVisualizer.vcxproj", "{DB803022-D11C-4FFE-9BBF-0298F69572EF}"
EndProject
Project("{8BC9CEB8-8B4A-11D0-8D11-00A0C91BC942}") = "SpaceShipDemo", "SpaceShipDemo\SpaceShipDemo.vcxproj", "{3B658AF8-70C6-4E8C-908A-BA8F8D2931FC}"
EndProject
Project("{2150E333-8FDC-42A3-9474-1A3956D46DE8}") = "Solution Items", "Solution Items", "{768E736F-52C7-413C-B2C2-A0E5EF7038C7}"
	ProjectSection(SolutionItems) = preProject
		LICENSE.txt = LICENSE.txt
		README.MD = README.MD
	EndProjectSection
EndProject
Project("{2150E333-8FDC-42A3-9474-1A3956D46DE8}") = "Demos", "Demos", "{E918FAED-00D8-4471-B76A-35CF7700A9DE}"
EndProject
Project("{2150E333-8FDC-42A3-9474-1A3956D46DE8}") = "Storm3DEngine", "Storm3DEngine", "{5631A3EB-40B7-416D-8D75-97EE5F937E95}"
EndProject
Project("{8BC9CEB8-8B4A-11D0-8D11-00A0C91BC942}") = "RenderingTest", "RenderingTest\RenderingTest.vcxproj", "{EA92142C-9FBE-437B-BDF3-4EF4D7056015}"
EndProject
Global
	GlobalSection(SolutionConfigurationPlatforms) = preSolution
		Debug|Win32 = Debug|Win32
		Debug|x64 = Debug|x64
		Release|Win32 = Release|Win32
		Release|x64 = Release|x64
	EndGlobalSection
	GlobalSection(ProjectConfigurationPlatforms) = postSolution
		{32C4963E-16FF-4C6D-AED3-BEF0BF136FFD}.Debug|Win32.ActiveCfg = Debug|Win32
		{32C4963E-16FF-4C6D-AED3-BEF0BF136FFD}.Debug|Win32.Build.0 = Debug|Win32
		{32C4963E-16FF-4C6D-AED3-BEF0BF136FFD}.Debug|x64.ActiveCfg = Debug|x64
		{32C4963E-16FF-4C6D-AED3-BEF0BF136FFD}.Debug|x64.Build.0 = Debug|x64
		{32C4963E-16FF-4C6D-AED3-BEF0BF136FFD}.Release|Win32.ActiveCfg = Release|Win32
		{32C4963E-16FF-4C6D-AED3-BEF0BF136FFD}.Release|Win32.Build.0 = Release|Win32
		{32C4963E-16FF-4C6D-AED3-BEF0BF136FFD}.Release|x64.ActiveCfg = Release|x64
		{32C4963E-16FF-4C6D-AED3-BEF0BF136FFD}.Release|x64.Build.0 = Release|x64
		{9B5269D8-BBCE-4196-BA82-CF931AE94F81}.Debug|Win32.ActiveCfg = Debug|Win32
		{9B5269D8-BBCE-4196-BA82-CF931AE94F81}.Debug|Win32.Build.0 = Debug|Win32
		{9B5269D8-BBCE-4196-BA82-CF931AE94F81}.Debug|x64.ActiveCfg = Debug|x64
		{9B5269D8-BBCE-4196-BA82-CF931AE94F81}.Debug|x64.Build.0 = Debug|x64
		{9B5269D8-BBCE-4196-BA82-CF931AE94F81}.Release|Win32.ActiveCfg = Release|Win32
		{9B5269D8-BBCE-4196-BA82-CF931AE94F81}.Release|Win32.Build.0 = Release|Win32
		{9B5269D8-BBCE-4196-BA82-CF931AE94F81}.Release|x64.ActiveCfg = Release|x64
		{9B5269D8-BBCE-4196-BA82-CF931AE94F81}.Release|x64.Build.0 = Release|x64
		{90715E70-D22C-4F53-BCE5-A4324620F220}.Debug|Win32.ActiveCfg = Debug|Win32
		{90715E70-D22C-4F53-BCE5-A4324620F220}.Debug|Win32.Build.0 = Debug|Win32
		{90715E70-D22C-4F53-BCE5-A4324620F220}.Debug|x64.ActiveCfg = Debug|x64
		{90715E70-D22C-4F53-BCE5-A4324620F220}.Debug|x64.Build.0 = Debug|x64
		{90715E70-D22C-4F53-BCE5-A4324620F220}.Release|Win32.ActiveCfg = Release|Win32
		{90715E70-D22C-4F53-BCE5-A4324620F220}.Release|Win32.Build.0 = Release|Win32
		{90715E70-D22C-4F53-BCE5-A4324620F220}.Release|x64.ActiveCfg = Release|x64
		{90715E70-D22C-4F53-BCE5-A4324620F220}.Release|x64.Build.0 = Release|x64
		{B8DC790A-16CF-4644-A0C4-608345D8E4B3}.Debug|Win32.ActiveCfg = Debug|Win32
		{B8DC790A-16CF-4644-A0C4-608345D8E4B3}.Debug|Win32.Build.0 = Debug|Win32
		{B8DC790A-16CF-4644-A0C4-608345D8E4B3}.Debug|x64.ActiveCfg = Debug|x64
		{B8DC790A-16CF-4644-A0C4-608345D8E4B3}.Debug|x64.Build.0 = Debug|x64
		{B8DC790A-16CF-4644-A0C4-608345D8E4B3}.Release|Win32.ActiveCfg = Release|Win32
		{B8DC790A-16CF-4644-A0C4-608345D8E4B3}.Release|Win32.Build.0 = Release|Win32
		{B8DC790A-16CF-4644-A0C4-608345D8E4B3}.Release|x64.ActiveCfg = Release|x64
		{B8DC790A-16CF-4644-A0C4-608345D8E4B3}.Release|x64.Build.0 = Release|x64
		{ADB84670-2281-4FD8-B46A-7FDBEA699981}.Debug|Win32.ActiveCfg = Debug|Win32
		{ADB84670-2281-4FD8-B46A-7FDBEA699981}.Debug|Win32.Build.0 = Debug|Win32
		{ADB84670-2281-4FD8-B46A-7FDBEA699981}.Debug|x64.ActiveCfg = Debug|x64
		{ADB84670-2281-4FD8-B46A-7FDBEA699981}.Debug|x64.Build.0 = Debug|x64
		{ADB84670-2281-4FD8-B46A-7FDBEA699981}.Release|Win32.ActiveCfg = Release|Win32
		{ADB84670-2281-4FD8-B46A-7FDBEA699981}.Release|Win32.Build.0 = Release|Win32
		{ADB84670-2281-4FD8-B46A-7FDBEA699981}.Release|x64.ActiveCfg = Release|x64
		{ADB84670-2281-4FD8-B46A-7FDBEA699981}.Release|x64.Build.0 = Release|x64
		{17F2A7FA-1840-4797-A6FD-10DF5BFDD937}.Debug|Win32.ActiveCfg = Debug|Win32
		{17F2A7FA-1840-4797-A6FD-10DF5BFDD937}.Debug|Win32.Build.0 = Debug|Win32
		{17F2A7FA-1840-4797-A6FD-10DF5BFDD937}.Debug|x64.ActiveCfg = Debug|x64
		{17F2A7FA-1840-4797-A6FD-10DF5BFDD937}.Debug|x64.Build.0 = Debug|x64
		{17F2A7FA-1840-4797-A6FD-10DF5BFDD937}.Release|Win32.ActiveCfg = Release|Win32
		{17F2A7FA-1840-4797-A6FD-10DF5BFDD937}.Release|Win32.Build.0 = Release|Win32
		{17F2A7FA-1840-4797-A6FD-10DF5BFDD937}.Release|x64.ActiveCfg = Release|x64
		{17F2A7FA-1840-4797-A6FD-10DF5BFDD937}.Release|x64.Build.0 = Release|x64
		{DB803022-D11C-4FFE-9BBF-0298F69572EF}.Debug|Win32.ActiveCfg = Debug|Win32
		{DB803022-D11C-4FFE-9BBF-0298F69572EF}.Debug|Win32.Build.0 = Debug|Win32
		{DB803022-D11C-4FFE-9BBF-0298F69572EF}.Debug|x64.ActiveCfg = Debug|x64
		{DB803022-D11C-4FFE-9BBF-0298F69572EF}.Debug|x64.Build.0 = Debug|x64
		{DB803022-D11C-4FFE-9BBF-0298F69572EF}.Release|Win32.ActiveCfg = Release|Win32
		{DB803022-D11C-4FFE-9BBF-0298F69572EF}.Release|Win32.Build.0 = Release|Win32
		{DB803022-D11C-4FFE-9BBF-0298F69572EF}.Release|x64.ActiveCfg = Release|x64
		{DB803022-D11C-4FFE-9BBF-0298F69572EF}.Release|x64.Build.0 = Release|x64
		{3B658AF8-70C6-4E8C-908A-BA8F8D2931FC}.Debug|Win32.ActiveCfg = Debug|Win32
		{3B658AF8-70C6-4E8C-908A-BA8F8D2931FC}.Debug|Win32.Build.0 = Debug|Win32
		{3B658AF8-70C6-4E8C-908A-BA8F8D2931FC}.Debug|x64.ActiveCfg = Debug|x64
		{3B658AF8-70C6-4E8C-908A-BA8F8D2931FC}.Debug|x64.Build.0 = Debug|x64
		{3B658AF8-70C6-4E8C-908A-BA8F8D2931FC}.Release|Win32.ActiveCfg = Release|Win32
		{3B658AF8-70C6-4E8C-908A-BA8F8D2931FC}.Release|Win32.Build.0 = Release|Win32
		{3B658AF8-70C6-4E8C-908A-BA8F8D2931FC}.Release|x64.ActiveCfg = Release|x64
		{3B658AF8-70C6-4E8C-908A-BA8F8D2931FC}.Release|x64.Build.0 = Release|x64
		{EA92142C-9FBE-437B-BDF3-4EF4D7056015}.Debug|Win32.ActiveCfg = Debug|Win32
		{EA92142C-9FBE-437B-BDF3-4EF4D7056015}.Debug|Win32.Build.0 = Debug|Win32
		{EA92142C-9FBE-437B-BDF3-4EF4D7056015}.Debug|x64.ActiveCfg = Debug|x64
		{EA92142C-9FBE-437B-BDF3-4EF4D7056015}.Debug|x64.Build.0 = Debug|x64
		{EA92142C-9FBE-437B-BDF3-4EF4D7056015}.Release|Win32.ActiveCfg = Release|Win32
		{EA92142C-9FBE-437B-BDF3-4EF4D7056015}.Release|Win32.Build.0 = Release|Win32
		{EA92142C-9FBE-437B-BDF3-4EF4D7056015}.Release|x64.ActiveCfg = Release|x64
		{EA92142C-9FBE-437B-BDF3-4EF4D7056015}.Release|x64.Build.0 = Release|x64
	EndGlobalSection
	GlobalSection(SolutionProperties) = preSolution
		HideSolutionNode = FALSE
	EndGlobalSection
	GlobalSection(NestedProjects) = preSolution
		{90715E70-D22C-4F53-BCE5-A4324620F220} = {5631A3EB-40B7-416D-8D75-97EE5F937E95}
		{B8DC790A-16CF-4644-A0C4-608345D8E4B3} = {5631A3EB-40B7-416D-8D75-97EE5F937E95}
		{ADB84670-2281-4FD8-B46A-7FDBEA699981} = {5631A3EB-40B7-416D-8D75-97EE5F937E95}
		{17F2A7FA-1840-4797-A6FD-10DF5BFDD937} = {5631A3EB-40B7-416D-8D75-97EE5F937E95}
		{9B5269D8-BBCE-4196-BA82-CF931AE94F81} = {5631A3EB-40B7-416D-8D75-97EE5F937E95}
	EndGlobalSection
EndGlobal
